# This file is automatically @generated by Poetry 1.8.3 and should not be changed by hand.

[[package]]
name = "async-timeout"
version = "4.0.3"
description = "Timeout context manager for asyncio programs"
optional = false
python-versions = ">=3.7"
files = [
    {file = "async-timeout-4.0.3.tar.gz", hash = "sha256:4640d96be84d82d02ed59ea2b7105a0f7b33abe8703703cd0ab0bf87c427522f"},
    {file = "async_timeout-4.0.3-py3-none-any.whl", hash = "sha256:7405140ff1230c310e51dc27b3145b9092d659ce68ff733fb0cefe3ee42be028"},
]

[[package]]
name = "packaging"
version = "24.1"
description = "Core utilities for Python packages"
optional = false
python-versions = ">=3.8"
files = [
    {file = "packaging-24.1-py3-none-any.whl", hash = "sha256:5b8f2217dbdbd2f7f384c41c628544e6d52f2d0f53c6d0c3ea61aa5d1d7ff124"},
    {file = "packaging-24.1.tar.gz", hash = "sha256:026ed72c8ed3fcce5bf8950572258698927fd1dbda10a5e981cdf0ac37f4f002"},
]

[[package]]
name = "plotly"
version = "5.24.0"
description = "An open-source, interactive data visualization library for Python"
optional = false
python-versions = ">=3.8"
files = [
    {file = "plotly-5.24.0-py3-none-any.whl", hash = "sha256:0e54efe52c8cef899f7daa41be9ed97dfb6be622613a2a8f56a86a0634b2b67e"},
    {file = "plotly-5.24.0.tar.gz", hash = "sha256:eae9f4f54448682442c92c1e97148e3ad0c52f0cf86306e1b76daba24add554a"},
]

[package.dependencies]
packaging = "*"
tenacity = ">=6.2.0"

[[package]]
name = "redis"
version = "5.0.8"
description = "Python client for Redis database and key-value store"
optional = false
python-versions = ">=3.7"
files = [
    {file = "redis-5.0.8-py3-none-any.whl", hash = "sha256:56134ee08ea909106090934adc36f65c9bcbbaecea5b21ba704ba6fb561f8eb4"},
    {file = "redis-5.0.8.tar.gz", hash = "sha256:0c5b10d387568dfe0698c6fad6615750c24170e548ca2deac10c649d463e9870"},
]

[package.dependencies]
async-timeout = {version = ">=4.0.3", markers = "python_full_version < \"3.11.3\""}

[package.extras]
hiredis = ["hiredis (>1.0.0)"]
ocsp = ["cryptography (>=36.0.1)", "pyopenssl (==20.0.1)", "requests (>=2.26.0)"]

[[package]]
name = "tenacity"
version = "9.0.0"
description = "Retry code until it succeeds"
optional = false
python-versions = ">=3.8"
files = [
    {file = "tenacity-9.0.0-py3-none-any.whl", hash = "sha256:93de0c98785b27fcf659856aa9f54bfbd399e29969b0621bc7f762bd441b4539"},
    {file = "tenacity-9.0.0.tar.gz", hash = "sha256:807f37ca97d62aa361264d497b0e31e92b8027044942bfa756160d908320d73b"},
]

[package.extras]
doc = ["reno", "sphinx"]
test = ["pytest", "tornado (>=4.5)", "typeguard"]

[metadata]
lock-version = "2.0"
python-versions = "^3.10"
content-hash = "8c8f92707ac2d7ac9d1c4abebbf05b1d525e5ca71ee55ff9aba82268d362b656"
